
Microsoft Visual Studio Solution File, Format Version 12.00
# Visual Studio Version 17
VisualStudioVersion = 17.5.33627.172
MinimumVisualStudioVersion = 10.0.40219.1
Project("{FAE04EC0-301F-11D3-BF4B-00C04F79EFBC}") = "E-Commerce", "E-Commerce\E-Commerce.csproj", "{E54EFC3B-B5CB-428E-86EE-ED7736A0F4F9}"
EndProject
Global
	GlobalSection(SolutionConfigurationPlatforms) = preSolution
		Debug|Any CPU = Debug|Any CPU
		Release|Any CPU = Release|Any CPU
	EndGlobalSection
	GlobalSection(ProjectConfigurationPlatforms) = postSolution
		{E54EFC3B-B5CB-428E-86EE-ED7736A0F4F9}.Debug|Any CPU.ActiveCfg = Debug|Any CPU
		{E54EFC3B-B5CB-428E-86EE-ED7736A0F4F9}.Debug|Any CPU.Build.0 = Debug|Any CPU
		{E54EFC3B-B5CB-428E-86EE-ED7736A0F4F9}.Release|Any CPU.ActiveCfg = Release|Any CPU
		{E54EFC3B-B5CB-428E-86EE-ED7736A0F4F9}.Release|Any CPU.Build.0 = Release|Any CPU
	EndGlobalSection
	GlobalSection(SolutionProperties) = preSolution
		HideSolutionNode = FALSE
	EndGlobalSection
	GlobalSection(ExtensibilityGlobals) = postSolution
		SolutionGuid = {AF57D5F3-B1E1-4B56-89CC-FA525C42B6B5}
	EndGlobalSection
EndGlobal
